
Microsoft Visual Studio Solution File, Format Version 12.00
# Visual Studio Version 16
VisualStudioVersion = 16.0.29709.97
MinimumVisualStudioVersion = 10.0.40219.1
Project("{FAE04EC0-301F-11D3-BF4B-00C04F79EFBC}") = "Tema 5", "Tema 5\Tema 5.csproj", "{195FE169-BC39-45F6-A98E-DFBF53202688}"
EndProject
Global
	GlobalSection(SolutionConfigurationPlatforms) = preSolution
		Debug|Any CPU = Debug|Any CPU
		Release|Any CPU = Release|Any CPU
	EndGlobalSection
	GlobalSection(ProjectConfigurationPlatforms) = postSolution
		{195FE169-BC39-45F6-A98E-DFBF53202688}.Debug|Any CPU.ActiveCfg = Debug|Any CPU
		{195FE169-BC39-45F6-A98E-DFBF53202688}.Debug|Any CPU.Build.0 = Debug|Any CPU
		{195FE169-BC39-45F6-A98E-DFBF53202688}.Release|Any CPU.ActiveCfg = Release|Any CPU
		{195FE169-BC39-45F6-A98E-DFBF53202688}.Release|Any CPU.Build.0 = Release|Any CPU
	EndGlobalSection
	GlobalSection(SolutionProperties) = preSolution
		HideSolutionNode = FALSE
	EndGlobalSection
	GlobalSection(ExtensibilityGlobals) = postSolution
		SolutionGuid = {489AFA45-57C3-4C23-AD48-D75B72D3AB9D}
	EndGlobalSection
EndGlobal
